
Microsoft Visual Studio Solution File, Format Version 12.00
# Visual Studio 15
VisualStudioVersion = 15.0.28307.421
MinimumVisualStudioVersion = 10.0.40219.1
Project("{9A19103F-16F7-4668-BE54-9A1E7A4F7556}") = "StubHttpServer", "src\StubHttpServer\StubHttpServer.csproj", "{E121014D-E111-4EA5-B10D-0EA7943B02C2}"
EndProject
Project("{2150E333-8FDC-42A3-9474-1A3956D46DE8}") = "src", "src", "{2BD594B1-8CF9-4F11-A4F6-300BF13E39CB}"
EndProject
Project("{2150E333-8FDC-42A3-9474-1A3956D46DE8}") = "tests", "tests", "{2065A44F-5F15-47D6-9E62-59EE525D4F67}"
EndProject
Project("{FAE04EC0-301F-11D3-BF4B-00C04F79EFBC}") = "StubHttpServer.Tests", "tests\StubHttpServer.Tests\StubHttpServer.Tests.csproj", "{7BFEAA88-2C56-4E11-ABAD-664179E1B63F}"
EndProject
Project("{2150E333-8FDC-42A3-9474-1A3956D46DE8}") = "Solution Items", "Solution Items", "{11CAB3C2-75C7-42A1-B525-81DA96867824}"
	ProjectSection(SolutionItems) = preProject
		README.md = README.md
	EndProjectSection
EndProject
Global
	GlobalSection(SolutionConfigurationPlatforms) = preSolution
		Debug|Any CPU = Debug|Any CPU
		Release|Any CPU = Release|Any CPU
	EndGlobalSection
	GlobalSection(ProjectConfigurationPlatforms) = postSolution
		{E121014D-E111-4EA5-B10D-0EA7943B02C2}.Debug|Any CPU.ActiveCfg = Debug|Any CPU
		{E121014D-E111-4EA5-B10D-0EA7943B02C2}.Debug|Any CPU.Build.0 = Debug|Any CPU
		{E121014D-E111-4EA5-B10D-0EA7943B02C2}.Release|Any CPU.ActiveCfg = Release|Any CPU
		{E121014D-E111-4EA5-B10D-0EA7943B02C2}.Release|Any CPU.Build.0 = Release|Any CPU
		{7BFEAA88-2C56-4E11-ABAD-664179E1B63F}.Debug|Any CPU.ActiveCfg = Debug|Any CPU
		{7BFEAA88-2C56-4E11-ABAD-664179E1B63F}.Debug|Any CPU.Build.0 = Debug|Any CPU
		{7BFEAA88-2C56-4E11-ABAD-664179E1B63F}.Release|Any CPU.ActiveCfg = Release|Any CPU
		{7BFEAA88-2C56-4E11-ABAD-664179E1B63F}.Release|Any CPU.Build.0 = Release|Any CPU
	EndGlobalSection
	GlobalSection(SolutionProperties) = preSolution
		HideSolutionNode = FALSE
	EndGlobalSection
	GlobalSection(NestedProjects) = preSolution
		{E121014D-E111-4EA5-B10D-0EA7943B02C2} = {2BD594B1-8CF9-4F11-A4F6-300BF13E39CB}
		{7BFEAA88-2C56-4E11-ABAD-664179E1B63F} = {2065A44F-5F15-47D6-9E62-59EE525D4F67}
	EndGlobalSection
	GlobalSection(ExtensibilityGlobals) = postSolution
		SolutionGuid = {DB77D728-739D-406B-BDFB-433AB377FD28}
	EndGlobalSection
EndGlobal
